
Microsoft Visual Studio Solution File, Format Version 12.00
# Visual Studio Version 17
VisualStudioVersion = 17.5.002.0
MinimumVisualStudioVersion = 10.0.40219.1
Project("{9A19103F-16F7-4668-BE54-9A1E7A4F7556}") = "hook-proxy", "hook-proxy.csproj", "{B19131D2-D7AF-4F61-A50B-52315948E276}"
EndProject
Global
	GlobalSection(SolutionConfigurationPlatforms) = preSolution
		Debug|Any CPU = Debug|Any CPU
		Release|Any CPU = Release|Any CPU
	EndGlobalSection
	GlobalSection(ProjectConfigurationPlatforms) = postSolution
		{B19131D2-D7AF-4F61-A50B-52315948E276}.Debug|Any CPU.ActiveCfg = Debug|Any CPU
		{B19131D2-D7AF-4F61-A50B-52315948E276}.Debug|Any CPU.Build.0 = Debug|Any CPU
		{B19131D2-D7AF-4F61-A50B-52315948E276}.Release|Any CPU.ActiveCfg = Release|Any CPU
		{B19131D2-D7AF-4F61-A50B-52315948E276}.Release|Any CPU.Build.0 = Release|Any CPU
	EndGlobalSection
	GlobalSection(SolutionProperties) = preSolution
		HideSolutionNode = FALSE
	EndGlobalSection
	GlobalSection(ExtensibilityGlobals) = postSolution
		SolutionGuid = {E64C14B0-43E4-4A75-8F71-5E056507BF44}
	EndGlobalSection
EndGlobal
